// !$*UTF8*$!
{
	archiveVersion = 1;
	classes = {
	};
	objectVersion = 50;
	objects = {

/* Begin PBXBuildFile section */
		9A5DA453228E4BEC0022289F /* AppDelegate.swift in Sources */ = {isa = PBXBuildFile; fileRef = 9A5DA452228E4BEC0022289F /* AppDelegate.swift */; };
		9A5DA455228E4BEC0022289F /* ViewController.swift in Sources */ = {isa = PBXBuildFile; fileRef = 9A5DA454228E4BEC0022289F /* ViewController.swift */; };
		9A5DA458228E4BEC0022289F /* Main.storyboard in Resources */ = {isa = PBXBuildFile; fileRef = 9A5DA456228E4BEC0022289F /* Main.storyboard */; };
		9A5DA45A228E4BEE0022289F /* Assets.xcassets in Resources */ = {isa = PBXBuildFile; fileRef = 9A5DA459228E4BEE0022289F /* Assets.xcassets */; };
		9A5DA45D228E4BEE0022289F /* LaunchScreen.storyboard in Resources */ = {isa = PBXBuildFile; fileRef = 9A5DA45B228E4BEE0022289F /* LaunchScreen.storyboard */; };
		9A5DA468228E4BEE0022289F /* UI_AnimateTests.swift in Sources */ = {isa = PBXBuildFile; fileRef = 9A5DA467228E4BEE0022289F /* UI_AnimateTests.swift */; };
		9A5DA473228E4BEE0022289F /* UI_AnimateUITests.swift in Sources */ = {isa = PBXBuildFile; fileRef = 9A5DA472228E4BEE0022289F /* UI_AnimateUITests.swift */; };
/* End PBXBuildFile section */

/* Begin PBXContainerItemProxy section */
		9A5DA464228E4BEE0022289F /* PBXContainerItemProxy */ = {
			isa = PBXContainerItemProxy;
			containerPortal = 9A5DA447228E4BEC0022289F /* Project object */;
			proxyType = 1;
			remoteGlobalIDString = 9A5DA44E228E4BEC0022289F;
			remoteInfo = "UI Animate";
		};
		9A5DA46F228E4BEE0022289F /* PBXContainerItemProxy */ = {
			isa = PBXContainerItemProxy;
			containerPortal = 9A5DA447228E4BEC0022289F /* Project object */;
			proxyType = 1;
			remoteGlobalIDString = 9A5DA44E228E4BEC0022289F;
			remoteInfo = "UI Animate";
		};
/* End PBXContainerItemProxy section */

/* Begin PBXFileReference section */
		9A5DA44F228E4BEC0022289F /* UI Animate.app */ = {isa = PBXFileReference; explicitFileType = wrapper.application; includeInIndex = 0; path = "UI Animate.app"; sourceTree = BUILT_PRODUCTS_DIR; };
		9A5DA452228E4BEC0022289F /* AppDelegate.swift */ = {isa = PBXFileReference; lastKnownFileType = sourcecode.swift; path = AppDelegate.swift; sourceTree = "<group>"; };
		9A5DA454228E4BEC0022289F /* ViewController.swift */ = {isa = PBXFileReference; lastKnownFileType = sourcecode.swift; path = ViewController.swift; sourceTree = "<group>"; };
		9A5DA457228E4BEC0022289F /* Base */ = {isa = PBXFileReference; lastKnownFileType = file.storyboard; name = Base; path = Base.lproj/Main.storyboard; sourceTree = "<group>"; };
		9A5DA459228E4BEE0022289F /* Assets.xcassets */ = {isa = PBXFileReference; lastKnownFileType = folder.assetcatalog; path = Assets.xcassets; sourceTree = "<group>"; };
		9A5DA45C228E4BEE0022289F /* Base */ = {isa = PBXFileReference; lastKnownFileType = file.storyboard; name = Base; path = Base.lproj/LaunchScreen.storyboard; sourceTree = "<group>"; };
		9A5DA45E228E4BEE0022289F /* Info.plist */ = {isa = PBXFileReference; lastKnownFileType = text.plist.xml; path = Info.plist; sourceTree = "<group>"; };
		9A5DA463228E4BEE0022289F /* UI AnimateTests.xctest */ = {isa = PBXFileReference; explicitFileType = wrapper.cfbundle; includeInIndex = 0; path = "UI AnimateTests.xctest"; sourceTree = BUILT_PRODUCTS_DIR; };
		9A5DA467228E4BEE0022289F /* UI_AnimateTests.swift */ = {isa = PBXFileReference; lastKnownFileType = sourcecode.swift; path = UI_AnimateTests.swift; sourceTree = "<group>"; };
		9A5DA469228E4BEE0022289F /* Info.plist */ = {isa = PBXFileReference; lastKnownFileType = text.plist.xml; path = Info.plist; sourceTree = "<group>"; };
		9A5DA46E228E4BEE0022289F /* UI AnimateUITests.xctest */ = {isa = PBXFileReference; explicitFileType = wrapper.cfbundle; includeInIndex = 0; path = "UI AnimateUITests.xctest"; sourceTree = BUILT_PRODUCTS_DIR; };
		9A5DA472228E4BEE0022289F /* UI_AnimateUITests.swift */ = {isa = PBXFileReference; lastKnownFileType = sourcecode.swift; path = UI_AnimateUITests.swift; sourceTree = "<group>"; };
		9A5DA474228E4BEE0022289F /* Info.plist */ = {isa = PBXFileReference; lastKnownFileType = text.plist.xml; path = Info.plist; sourceTree = "<group>"; };
/* End PBXFileReference section */

/* Begin PBXFrameworksBuildPhase section */
		9A5DA44C228E4BEC0022289F /* Frameworks */ = {
			isa = PBXFrameworksBuildPhase;
			buildActionMask = 2147483647;
			files = (
			);
			runOnlyForDeploymentPostprocessing = 0;
		};
		9A5DA460228E4BEE0022289F /* Frameworks */ = {
			isa = PBXFrameworksBuildPhase;
			buildActionMask = 2147483647;
			files = (
			);
			runOnlyForDeploymentPostprocessing = 0;
		};
		9A5DA46B228E4BEE0022289F /* Frameworks */ = {
			isa = PBXFrameworksBuildPhase;
			buildActionMask = 2147483647;
			files = (
			);
			runOnlyForDeploymentPostprocessing = 0;
		};
/* End PBXFrameworksBuildPhase section */

/* Begin PBXGroup section */
		9A5DA446228E4BEC0022289F = {
			isa = PBXGroup;
			children = (
				9A5DA451228E4BEC0022289F /* UI Animate */,
				9A5DA466228E4BEE0022289F /* UI AnimateTests */,
				9A5DA471228E4BEE0022289F /* UI AnimateUITests */,
				9A5DA450228E4BEC0022289F /* Products */,
			);
			sourceTree = "<group>";
		};
		9A5DA450228E4BEC0022289F /* Products */ = {
			isa = PBXGroup;
			children = (
				9A5DA44F228E4BEC0022289F /* UI Animate.app */,
				9A5DA463228E4BEE0022289F /* UI AnimateTests.xctest */,
				9A5DA46E228E4BEE0022289F /* UI AnimateUITests.xctest */,
			);
			name = Products;
			sourceTree = "<group>";
		};
		9A5DA451228E4BEC0022289F /* UI Animate */ = {
			isa = PBXGroup;
			children = (
				9A5DA452228E4BEC0022289F /* AppDelegate.swift */,
				9A5DA454228E4BEC0022289F /* ViewController.swift */,
				9A5DA456228E4BEC0022289F /* Main.storyboard */,
				9A5DA459228E4BEE0022289F /* Assets.xcassets */,
				9A5DA45B228E4BEE0022289F /* LaunchScreen.storyboard */,
				9A5DA45E228E4BEE0022289F /* Info.plist */,
			);
			path = "UI Animate";
			sourceTree = "<group>";
		};
		9A5DA466228E4BEE0022289F /* UI AnimateTests */ = {
			isa = PBXGroup;
			children = (
				9A5DA467228E4BEE0022289F /* UI_AnimateTests.swift */,
				9A5DA469228E4BEE0022289F /* Info.plist */,
			);
			path = "UI AnimateTests";
			sourceTree = "<group>";
		};
		9A5DA471228E4BEE0022289F /* UI AnimateUITests */ = {
			isa = PBXGroup;
			children = (
				9A5DA472228E4BEE0022289F /* UI_AnimateUITests.swift */,
				9A5DA474228E4BEE0022289F /* Info.plist */,
			);
			path = "UI AnimateUITests";
			sourceTree = "<group>";
		};
/* End PBXGroup section */

/* Begin PBXNativeTarget section */
		9A5DA44E228E4BEC0022289F /* UI Animate */ = {
			isa = PBXNativeTarget;
			buildConfigurationList = 9A5DA477228E4BEE0022289F /* Build configuration list for PBXNativeTarget "UI Animate" */;
			buildPhases = (
				9A5DA44B228E4BEC0022289F /* Sources */,
				9A5DA44C228E4BEC0022289F /* Frameworks */,
				9A5DA44D228E4BEC0022289F /* Resources */,
			);
			buildRules = (
			);
			dependencies = (
			);
			name = "UI Animate";
			productName = "UI Animate";
			productReference = 9A5DA44F228E4BEC0022289F /* UI Animate.app */;
			productType = "com.apple.product-type.application";
		};
		9A5DA462228E4BEE0022289F /* UI AnimateTests */ = {
			isa = PBXNativeTarget;
			buildConfigurationList = 9A5DA47A228E4BEE0022289F /* Build configuration list for PBXNativeTarget "UI AnimateTests" */;
			buildPhases = (
				9A5DA45F228E4BEE0022289F /* Sources */,
				9A5DA460228E4BEE0022289F /* Frameworks */,
				9A5DA461228E4BEE0022289F /* Resources */,
			);
			buildRules = (
			);
			dependencies = (
				9A5DA465228E4BEE0022289F /* PBXTargetDependency */,
			);
			name = "UI AnimateTests";
			productName = "UI AnimateTests";
			productReference = 9A5DA463228E4BEE0022289F /* UI AnimateTests.xctest */;
			productType = "com.apple.product-type.bundle.unit-test";
		};
		9A5DA46D228E4BEE0022289F /* UI AnimateUITests */ = {
			isa = PBXNativeTarget;
			buildConfigurationList = 9A5DA47D228E4BEE0022289F /* Build configuration list for PBXNativeTarget "UI AnimateUITests" */;
			buildPhases = (
				9A5DA46A228E4BEE0022289F /* Sources */,
				9A5DA46B228E4BEE0022289F /* Frameworks */,
				9A5DA46C228E4BEE0022289F /* Resources */,
			);
			buildRules = (
			);
			dependencies = (
				9A5DA470228E4BEE0022289F /* PBXTargetDependency */,
			);
			name = "UI AnimateUITests";
			productName = "UI AnimateUITests";
			productReference = 9A5DA46E228E4BEE0022289F /* UI AnimateUITests.xctest */;
			productType = "com.apple.product-type.bundle.ui-testing";
		};
/* End PBXNativeTarget section */

/* Begin PBXProject section */
		9A5DA447228E4BEC0022289F /* Project object */ = {
			isa = PBXProject;
			attributes = {
				LastSwiftUpdateCheck = 1020;
				LastUpgradeCheck = 1020;
				ORGANIZATIONNAME = "Aland Sinduartha";
				TargetAttributes = {
					9A5DA44E228E4BEC0022289F = {
						CreatedOnToolsVersion = 10.2.1;
					};
					9A5DA462228E4BEE0022289F = {
						CreatedOnToolsVersion = 10.2.1;
						TestTargetID = 9A5DA44E228E4BEC0022289F;
					};
					9A5DA46D228E4BEE0022289F = {
						CreatedOnToolsVersion = 10.2.1;
						TestTargetID = 9A5DA44E228E4BEC0022289F;
					};
				};
			};
			buildConfigurationList = 9A5DA44A228E4BEC0022289F /* Build configuration list for PBXProject "UI Animate" */;
			compatibilityVersion = "Xcode 9.3";
			developmentRegion = en;
			hasScannedForEncodings = 0;
			knownRegions = (
				en,
				Base,
			);
			mainGroup = 9A5DA446228E4BEC0022289F;
			productRefGroup = 9A5DA450228E4BEC0022289F /* Products */;
			projectDirPath = "";
			projectRoot = "";
			targets = (
				9A5DA44E228E4BEC0022289F /* UI Animate */,
				9A5DA462228E4BEE0022289F /* UI AnimateTests */,
				9A5DA46D228E4BEE0022289F /* UI AnimateUITests */,
			);
		};
/* End PBXProject section */

/* Begin PBXResourcesBuildPhase section */
		9A5DA44D228E4BEC0022289F /* Resources */ = {
			isa = PBXResourcesBuildPhase;
			buildActionMask = 2147483647;
			files = (
				9A5DA45D228E4BEE0022289F /* LaunchScreen.storyboard in Resources */,
				9A5DA45A228E4BEE0022289F /* Assets.xcassets in Resources */,
				9A5DA458228E4BEC0022289F /* Main.storyboard in Resources */,
			);
			runOnlyForDeploymentPostprocessing = 0;
		};
		9A5DA461228E4BEE0022289F /* Resources */ = {
			isa = PBXResourcesBuildPhase;
			buildActionMask = 2147483647;
			files = (
			);
			runOnlyForDeploymentPostprocessing = 0;
		};
		9A5DA46C228E4BEE0022289F /* Resources */ = {
			isa = PBXResourcesBuildPhase;
			buildActionMask = 2147483647;
			files = (
			);
			runOnlyForDeploymentPostprocessing = 0;
		};
/* End PBXResourcesBuildPhase section */

/* Begin PBXSourcesBuildPhase section */
		9A5DA44B228E4BEC0022289F /* Sources */ = {
			isa = PBXSourcesBuildPhase;
			buildActionMask = 2147483647;
			files = (
				9A5DA455228E4BEC0022289F /* ViewController.swift in Sources */,
				9A5DA453228E4BEC0022289F /* AppDelegate.swift in Sources */,
			);
			runOnlyForDeploymentPostprocessing = 0;
		};
		9A5DA45F228E4BEE0022289F /* Sources */ = {
			isa = PBXSourcesBuildPhase;
			buildActionMask = 2147483647;
			files = (
				9A5DA468228E4BEE0022289F /* UI_AnimateTests.swift in Sources */,
			);
			runOnlyForDeploymentPostprocessing = 0;
		};
		9A5DA46A228E4BEE0022289F /* Sources */ = {
			isa = PBXSourcesBuildPhase;
			buildActionMask = 2147483647;
			files = (
				9A5DA473228E4BEE0022289F /* UI_AnimateUITests.swift in Sources */,
			);
			runOnlyForDeploymentPostprocessing = 0;
		};
/* End PBXSourcesBuildPhase section */

/* Begin PBXTargetDependency section */
		9A5DA465228E4BEE0022289F /* PBXTargetDependency */ = {
			isa = PBXTargetDependency;
			target = 9A5DA44E228E4BEC0022289F /* UI Animate */;
			targetProxy = 9A5DA464228E4BEE0022289F /* PBXContainerItemProxy */;
		};
		9A5DA470228E4BEE0022289F /* PBXTargetDependency */ = {
			isa = PBXTargetDependency;
			target = 9A5DA44E228E4BEC0022289F /* UI Animate */;
			targetProxy = 9A5DA46F228E4BEE0022289F /* PBXContainerItemProxy */;
		};
/* End PBXTargetDependency section */

/* Begin PBXVariantGroup section */
		9A5DA456228E4BEC0022289F /* Main.storyboard */ = {
			isa = PBXVariantGroup;
			children = (
				9A5DA457228E4BEC0022289F /* Base */,
			);
			name = Main.storyboard;
			sourceTree = "<group>";
		};
		9A5DA45B228E4BEE0022289F /* LaunchScreen.storyboard */ = {
			isa = PBXVariantGroup;
			children = (
				9A5DA45C228E4BEE0022289F /* Base */,
			);
			name = LaunchScreen.storyboard;
			sourceTree = "<group>";
		};
/* End PBXVariantGroup section */

/* Begin XCBuildConfiguration section */
		9A5DA475228E4BEE0022289F /* Debug */ = {
			isa = XCBuildConfiguration;
			buildSettings = {
				ALWAYS_SEARCH_USER_PATHS = NO;
				CLANG_ANALYZER_NONNULL = YES;
				CLANG_ANALYZER_NUMBER_OBJECT_CONVERSION = YES_AGGRESSIVE;
				CLANG_CXX_LANGUAGE_STANDARD = "gnu++14";
				CLANG_CXX_LIBRARY = "libc++";
				CLANG_ENABLE_MODULES = YES;
				CLANG_ENABLE_OBJC_ARC = YES;
				CLANG_ENABLE_OBJC_WEAK = YES;
				CLANG_WARN_BLOCK_CAPTURE_AUTORELEASING = YES;
				CLANG_WARN_BOOL_CONVERSION = YES;
				CLANG_WARN_COMMA = YES;
				CLANG_WARN_CONSTANT_CONVERSION = YES;
				CLANG_WARN_DEPRECATED_OBJC_IMPLEMENTATIONS = YES;
				CLANG_WARN_DIRECT_OBJC_ISA_USAGE = YES_ERROR;
				CLANG_WARN_DOCUMENTATION_COMMENTS = YES;
				CLANG_WARN_EMPTY_BODY = YES;
				CLANG_WARN_ENUM_CONVERSION = YES;
				CLANG_WARN_INFINITE_RECURSION = YES;
				CLANG_WARN_INT_CONVERSION = YES;
				CLANG_WARN_NON_LITERAL_NULL_CONVERSION = YES;
				CLANG_WARN_OBJC_IMPLICIT_RETAIN_SELF = YES;
				CLANG_WARN_OBJC_LITERAL_CONVERSION = YES;
				CLANG_WARN_OBJC_ROOT_CLASS = YES_ERROR;
				CLANG_WARN_RANGE_LOOP_ANALYSIS = YES;
				CLANG_WARN_STRICT_PROTOTYPES = YES;
				CLANG_WARN_SUSPICIOUS_MOVE = YES;
				CLANG_WARN_UNGUARDED_AVAILABILITY = YES_AGGRESSIVE;
				CLANG_WARN_UNREACHABLE_CODE = YES;
				CLANG_WARN__DUPLICATE_METHOD_MATCH = YES;
				CODE_SIGN_IDENTITY = "iPhone Developer";
				COPY_PHASE_STRIP = NO;
				DEBUG_INFORMATION_FORMAT = dwarf;
				ENABLE_STRICT_OBJC_MSGSEND = YES;
				ENABLE_TESTABILITY = YES;
				GCC_C_LANGUAGE_STANDARD = gnu11;
				GCC_DYNAMIC_NO_PIC = NO;
				GCC_NO_COMMON_BLOCKS = YES;
				GCC_OPTIMIZATION_LEVEL = 0;
				GCC_PREPROCESSOR_DEFINITIONS = (
					"DEBUG=1",
					"$(inherited)",
				);
				GCC_WARN_64_TO_32_BIT_CONVERSION = YES;
				GCC_WARN_ABOUT_RETURN_TYPE = YES_ERROR;
				GCC_WARN_UNDECLARED_SELECTOR = YES;
				GCC_WARN_UNINITIALIZED_AUTOS = YES_AGGRESSIVE;
				GCC_WARN_UNUSED_FUNCTION = YES;
				GCC_WARN_UNUSED_VARIABLE = YES;
				IPHONEOS_DEPLOYMENT_TARGET = 12.2;
				MTL_ENABLE_DEBUG_INFO = INCLUDE_SOURCE;
				MTL_FAST_MATH = YES;
				ONLY_ACTIVE_ARCH = YES;
				SDKROOT = iphoneos;
				SWIFT_ACTIVE_COMPILATION_CONDITIONS = DEBUG;
				SWIFT_OPTIMIZATION_LEVEL = "-Onone";
			};
			name = Debug;
		};
		9A5DA476228E4BEE0022289F /* Release */ = {
			isa = XCBuildConfiguration;
			buildSettings = {
				ALWAYS_SEARCH_USER_PATHS = NO;
				CLANG_ANALYZER_NONNULL = YES;
				CLANG_ANALYZER_NUMBER_OBJECT_CONVERSION = YES_AGGRESSIVE;
				CLANG_CXX_LANGUAGE_STANDARD = "gnu++14";
				CLANG_CXX_LIBRARY = "libc++";
				CLANG_ENABLE_MODULES = YES;
				CLANG_ENABLE_OBJC_ARC = YES;
				CLANG_ENABLE_OBJC_WEAK = YES;
				CLANG_WARN_BLOCK_CAPTURE_AUTORELEASING = YES;
				CLANG_WARN_BOOL_CONVERSION = YES;
				CLANG_WARN_COMMA = YES;
				CLANG_WARN_CONSTANT_CONVERSION = YES;
				CLANG_WARN_DEPRECATED_OBJC_IMPLEMENTATIONS = YES;
				CLANG_WARN_DIRECT_OBJC_ISA_USAGE = YES_ERROR;
				CLANG_WARN_DOCUMENTATION_COMMENTS = YES;
				CLANG_WARN_EMPTY_BODY = YES;
				CLANG_WARN_ENUM_CONVERSION = YES;
				CLANG_WARN_INFINITE_RECURSION = YES;
				CLANG_WARN_INT_CONVERSION = YES;
				CLANG_WARN_NON_LITERAL_NULL_CONVERSION = YES;
				CLANG_WARN_OBJC_IMPLICIT_RETAIN_SELF = YES;
				CLANG_WARN_OBJC_LITERAL_CONVERSION = YES;
				CLANG_WARN_OBJC_ROOT_CLASS = YES_ERROR;
				CLANG_WARN_RANGE_LOOP_ANALYSIS = YES;
				CLANG_WARN_STRICT_PROTOTYPES = YES;
				CLANG_WARN_SUSPICIOUS_MOVE = YES;
				CLANG_WARN_UNGUARDED_AVAILABILITY = YES_AGGRESSIVE;
				CLANG_WARN_UNREACHABLE_CODE = YES;
				CLANG_WARN__DUPLICATE_METHOD_MATCH = YES;
				CODE_SIGN_IDENTITY = "iPhone Developer";
				COPY_PHASE_STRIP = NO;
				DEBUG_INFORMATION_FORMAT = "dwarf-with-dsym";
				ENABLE_NS_ASSERTIONS = NO;
				ENABLE_STRICT_OBJC_MSGSEND = YES;
				GCC_C_LANGUAGE_STANDARD = gnu11;
				GCC_NO_COMMON_BLOCKS = YES;
				GCC_WARN_64_TO_32_BIT_CONVERSION = YES;
				GCC_WARN_ABOUT_RETURN_TYPE = YES_ERROR;
				GCC_WARN_UNDECLARED_SELECTOR = YES;
				GCC_WARN_UNINITIALIZED_AUTOS = YES_AGGRESSIVE;
				GCC_WARN_UNUSED_FUNCTION = YES;
				GCC_WARN_UNUSED_VARIABLE = YES;
				IPHONEOS_DEPLOYMENT_TARGET = 12.2;
				MTL_ENABLE_DEBUG_INFO = NO;
				MTL_FAST_MATH = YES;
				SDKROOT = iphoneos;
				SWIFT_COMPILATION_MODE = wholemodule;
				SWIFT_OPTIMIZATION_LEVEL = "-O";
				VALIDATE_PRODUCT = YES;
			};
			name = Release;
		};
		9A5DA478228E4BEE0022289F /* Debug */ = {
			isa = XCBuildConfiguration;
			buildSettings = {
				ASSETCATALOG_COMPILER_APPICON_NAME = AppIcon;
				CODE_SIGN_STYLE = Automatic;
				DEVELOPMENT_TEAM = 62PJVWG2C7;
				INFOPLIST_FILE = "UI Animate/Info.plist";
				LD_RUNPATH_SEARCH_PATHS = (
					"$(inherited)",
					"@executable_path/Frameworks",
				);
				PRODUCT_BUNDLE_IDENTIFIER = "Apple.UI-Animate";
				PRODUCT_NAME = "$(TARGET_NAME)";
				SWIFT_VERSION = 5.0;
				TARGETED_DEVICE_FAMILY = "1,2";
			};
			name = Debug;
		};
		9A5DA479228E4BEE0022289F /* Release */ = {
			isa = XCBuildConfiguration;
			buildSettings = {
				ASSETCATALOG_COMPILER_APPICON_NAME = AppIcon;
				CODE_SIGN_STYLE = Automatic;
				DEVELOPMENT_TEAM = 62PJVWG2C7;
				INFOPLIST_FILE = "UI Animate/Info.plist";
				LD_RUNPATH_SEARCH_PATHS = (
					"$(inherited)",
					"@executable_path/Frameworks",
				);
				PRODUCT_BUNDLE_IDENTIFIER = "Apple.UI-Animate";
				PRODUCT_NAME = "$(TARGET_NAME)";
				SWIFT_VERSION = 5.0;
				TARGETED_DEVICE_FAMILY = "1,2";
			};
			name = Release;
		};
		9A5DA47B228E4BEE0022289F /* Debug */ = {
			isa = XCBuildConfiguration;
			buildSettings = {
				ALWAYS_EMBED_SWIFT_STANDARD_LIBRARIES = YES;
				BUNDLE_LOADER = "$(TEST_HOST)";
				CODE_SIGN_STYLE = Automatic;
				DEVELOPMENT_TEAM = 62PJVWG2C7;
				INFOPLIST_FILE = "UI AnimateTests/Info.plist";
				LD_RUNPATH_SEARCH_PATHS = (
					"$(inherited)",
					"@executable_path/Frameworks",
					"@loader_path/Frameworks",
				);
				PRODUCT_BUNDLE_IDENTIFIER = "Apple.UI-AnimateTests";
				PRODUCT_NAME = "$(TARGET_NAME)";
				SWIFT_VERSION = 5.0;
				TARGETED_DEVICE_FAMILY = "1,2";
				TEST_HOST = "$(BUILT_PRODUCTS_DIR)/UI Animate.app/UI Animate";
			};
			name = Debug;
		};
		9A5DA47C228E4BEE0022289F /* Release */ = {
			isa = XCBuildConfiguration;
			buildSettings = {
				ALWAYS_EMBED_SWIFT_STANDARD_LIBRARIES = YES;
				BUNDLE_LOADER = "$(TEST_HOST)";
				CODE_SIGN_STYLE = Automatic;
				DEVELOPMENT_TEAM = 62PJVWG2C7;
				INFOPLIST_FILE = "UI AnimateTests/Info.plist";
				LD_RUNPATH_SEARCH_PATHS = (
					"$(inherited)",
					"@executable_path/Frameworks",
					"@loader_path/Frameworks",
				);
				PRODUCT_BUNDLE_IDENTIFIER = "Apple.UI-AnimateTests";
				PRODUCT_NAME = "$(TARGET_NAME)";
				SWIFT_VERSION = 5.0;
				TARGETED_DEVICE_FAMILY = "1,2";
				TEST_HOST = "$(BUILT_PRODUCTS_DIR)/UI Animate.app/UI Animate";
			};
			name = Release;
		};
		9A5DA47E228E4BEE0022289F /* Debug */ = {
			isa = XCBuildConfiguration;
			buildSettings = {
				ALWAYS_EMBED_SWIFT_STANDARD_LIBRARIES = YES;
				CODE_SIGN_STYLE = Automatic;
				DEVELOPMENT_TEAM = 62PJVWG2C7;
				INFOPLIST_FILE = "UI AnimateUITests/Info.plist";
				LD_RUNPATH_SEARCH_PATHS = (
					"$(inherited)",
					"@executable_path/Frameworks",
					"@loader_path/Frameworks",
				);
				PRODUCT_BUNDLE_IDENTIFIER = "Apple.UI-AnimateUITests";
				PRODUCT_NAME = "$(TARGET_NAME)";
				SWIFT_VERSION = 5.0;
				TARGETED_DEVICE_FAMILY = "1,2";
				TEST_TARGET_NAME = "UI Animate";
			};
			name = Debug;
		};
		9A5DA47F228E4BEE0022289F /* Release */ = {
			isa = XCBuildConfiguration;
			buildSettings = {
				ALWAYS_EMBED_SWIFT_STANDARD_LIBRARIES = YES;
				CODE_SIGN_STYLE = Automatic;
				DEVELOPMENT_TEAM = 62PJVWG2C7;
				INFOPLIST_FILE = "UI AnimateUITests/Info.plist";
				LD_RUNPATH_SEARCH_PATHS = (
					"$(inherited)",
					"@executable_path/Frameworks",
					"@loader_path/Frameworks",
				);
				PRODUCT_BUNDLE_IDENTIFIER = "Apple.UI-AnimateUITests";
				PRODUCT_NAME = "$(TARGET_NAME)";
				SWIFT_VERSION = 5.0;
				TARGETED_DEVICE_FAMILY = "1,2";
				TEST_TARGET_NAME = "UI Animate";
			};
			name = Release;
		};
/* End XCBuildConfiguration section */

/* Begin XCConfigurationList section */
		9A5DA44A228E4BEC0022289F /* Build configuration list for PBXProject "UI Animate" */ = {
			isa = XCConfigurationList;
			buildConfigurations = (
				9A5DA475228E4BEE0022289F /* Debug */,
				9A5DA476228E4BEE0022289F /* Release */,
			);
			defaultConfigurationIsVisible = 0;
			defaultConfigurationName = Release;
		};
		9A5DA477228E4BEE0022289F /* Build configuration list for PBXNativeTarget "UI Animate" */ = {
			isa = XCConfigurationList;
			buildConfigurations = (
				9A5DA478228E4BEE0022289F /* Debug */,
				9A5DA479228E4BEE0022289F /* Release */,
			);
			defaultConfigurationIsVisible = 0;
			defaultConfigurationName = Release;
		};
		9A5DA47A228E4BEE0022289F /* Build configuration list for PBXNativeTarget "UI AnimateTests" */ = {
			isa = XCConfigurationList;
			buildConfigurations = (
				9A5DA47B228E4BEE0022289F /* Debug */,
				9A5DA47C228E4BEE0022289F /* Release */,
			);
			defaultConfigurationIsVisible = 0;
			defaultConfigurationName = Release;
		};
		9A5DA47D228E4BEE0022289F /* Build configuration list for PBXNativeTarget "UI AnimateUITests" */ = {
			isa = XCConfigurationList;
			buildConfigurations = (
				9A5DA47E228E4BEE0022289F /* Debug */,
				9A5DA47F228E4BEE0022289F /* Release */,
			);
			defaultConfigurationIsVisible = 0;
			defaultConfigurationName = Release;
		};
/* End XCConfigurationList section */
	};
	rootObject = 9A5DA447228E4BEC0022289F /* Project object */;
}
